
Microsoft Visual Studio Solution File, Format Version 12.00
# Visual Studio Version 16
VisualStudioVersion = 16.0.28917.181
MinimumVisualStudioVersion = 10.0.40219.1
Project("{FAE04EC0-301F-11D3-BF4B-00C04F79EFBC}") = "CB_Choice", "CB_Choice\CB_Choice.csproj", "{A36E0F68-E5DE-48B2-80CB-E32A29D5BF3D}"
EndProject
Global
	GlobalSection(SolutionConfigurationPlatforms) = preSolution
		Debug|Any CPU = Debug|Any CPU
		Release|Any CPU = Release|Any CPU
	EndGlobalSection
	GlobalSection(ProjectConfigurationPlatforms) = postSolution
		{A36E0F68-E5DE-48B2-80CB-E32A29D5BF3D}.Debug|Any CPU.ActiveCfg = Debug|Any CPU
		{A36E0F68-E5DE-48B2-80CB-E32A29D5BF3D}.Debug|Any CPU.Build.0 = Debug|Any CPU
		{A36E0F68-E5DE-48B2-80CB-E32A29D5BF3D}.Release|Any CPU.ActiveCfg = Release|Any CPU
		{A36E0F68-E5DE-48B2-80CB-E32A29D5BF3D}.Release|Any CPU.Build.0 = Release|Any CPU
	EndGlobalSection
	GlobalSection(SolutionProperties) = preSolution
		HideSolutionNode = FALSE
	EndGlobalSection
	GlobalSection(ExtensibilityGlobals) = postSolution
		SolutionGuid = {312912A5-FD0E-479B-8C5E-2E754FCDF2A4}
	EndGlobalSection
EndGlobal
